// !$*UTF8*$!
{
	archiveVersion = 1;
	classes = {
	};
	objectVersion = 56;
	objects = {

/* Begin PBXBuildFile section */
		0A978E932BFF6879008D69FC /* DietLog_MVVM_SwiftUIApp.swift in Sources */ = {isa = PBXBuildFile; fileRef = 0A978E922BFF6879008D69FC /* DietLog_MVVM_SwiftUIApp.swift */; };
		0A978E952BFF6879008D69FC /* ContentView.swift in Sources */ = {isa = PBXBuildFile; fileRef = 0A978E942BFF6879008D69FC /* ContentView.swift */; };
		0A978E972BFF687B008D69FC /* Assets.xcassets in Resources */ = {isa = PBXBuildFile; fileRef = 0A978E962BFF687B008D69FC /* Assets.xcassets */; };
		0A978E9A2BFF687B008D69FC /* Preview Assets.xcassets in Resources */ = {isa = PBXBuildFile; fileRef = 0A978E992BFF687B008D69FC /* Preview Assets.xcassets */; };
		0A978EA62BFF6CF4008D69FC /* TopView.swift in Sources */ = {isa = PBXBuildFile; fileRef = 0A978EA52BFF6CF4008D69FC /* TopView.swift */; };
		0A978EA82BFF7D93008D69FC /* LeftText.swift in Sources */ = {isa = PBXBuildFile; fileRef = 0A978EA72BFF7D93008D69FC /* LeftText.swift */; };
		0A978EAB2BFF7E2D008D69FC /* LocalizedText.swift in Sources */ = {isa = PBXBuildFile; fileRef = 0A978EAA2BFF7E2D008D69FC /* LocalizedText.swift */; };
/* End PBXBuildFile section */

/* Begin PBXFileReference section */
		0A978E8F2BFF6879008D69FC /* DietLog-MVVM-SwiftUI.app */ = {isa = PBXFileReference; explicitFileType = wrapper.application; includeInIndex = 0; path = "DietLog-MVVM-SwiftUI.app"; sourceTree = BUILT_PRODUCTS_DIR; };
		0A978E922BFF6879008D69FC /* DietLog_MVVM_SwiftUIApp.swift */ = {isa = PBXFileReference; lastKnownFileType = sourcecode.swift; path = DietLog_MVVM_SwiftUIApp.swift; sourceTree = "<group>"; };
		0A978E942BFF6879008D69FC /* ContentView.swift */ = {isa = PBXFileReference; lastKnownFileType = sourcecode.swift; path = ContentView.swift; sourceTree = "<group>"; };
		0A978E962BFF687B008D69FC /* Assets.xcassets */ = {isa = PBXFileReference; lastKnownFileType = folder.assetcatalog; path = Assets.xcassets; sourceTree = "<group>"; };
		0A978E992BFF687B008D69FC /* Preview Assets.xcassets */ = {isa = PBXFileReference; lastKnownFileType = folder.assetcatalog; path = "Preview Assets.xcassets"; sourceTree = "<group>"; };
		0A978EA52BFF6CF4008D69FC /* TopView.swift */ = {isa = PBXFileReference; lastKnownFileType = sourcecode.swift; path = TopView.swift; sourceTree = "<group>"; };
		0A978EA72BFF7D93008D69FC /* LeftText.swift */ = {isa = PBXFileReference; lastKnownFileType = sourcecode.swift; path = LeftText.swift; sourceTree = "<group>"; };
		0A978EAA2BFF7E2D008D69FC /* LocalizedText.swift */ = {isa = PBXFileReference; lastKnownFileType = sourcecode.swift; path = LocalizedText.swift; sourceTree = "<group>"; };
/* End PBXFileReference section */

/* Begin PBXFrameworksBuildPhase section */
		0A978E8C2BFF6879008D69FC /* Frameworks */ = {
			isa = PBXFrameworksBuildPhase;
			buildActionMask = 2147483647;
			files = (
			);
			runOnlyForDeploymentPostprocessing = 0;
		};
/* End PBXFrameworksBuildPhase section */

/* Begin PBXGroup section */
		0A978E862BFF6879008D69FC = {
			isa = PBXGroup;
			children = (
				0A978E912BFF6879008D69FC /* DietLog-MVVM-SwiftUI */,
				0A978E902BFF6879008D69FC /* Products */,
			);
			sourceTree = "<group>";
		};
		0A978E902BFF6879008D69FC /* Products */ = {
			isa = PBXGroup;
			children = (
				0A978E8F2BFF6879008D69FC /* DietLog-MVVM-SwiftUI.app */,
			);
			name = Products;
			sourceTree = "<group>";
		};
		0A978E912BFF6879008D69FC /* DietLog-MVVM-SwiftUI */ = {
			isa = PBXGroup;
			children = (
				0A978EA22BFF6CC1008D69FC /* Model */,
				0A978EA12BFF6CBB008D69FC /* ViewModel */,
				0A978EA02BFF6CB0008D69FC /* View */,
				0A978EA42BFF6CCC008D69FC /* Global */,
				0A978E922BFF6879008D69FC /* DietLog_MVVM_SwiftUIApp.swift */,
				0A978E942BFF6879008D69FC /* ContentView.swift */,
				0A978E962BFF687B008D69FC /* Assets.xcassets */,
				0A978E982BFF687B008D69FC /* Preview Content */,
			);
			path = "DietLog-MVVM-SwiftUI";
			sourceTree = "<group>";
		};
		0A978E982BFF687B008D69FC /* Preview Content */ = {
			isa = PBXGroup;
			children = (
				0A978E992BFF687B008D69FC /* Preview Assets.xcassets */,
			);
			path = "Preview Content";
			sourceTree = "<group>";
		};
		0A978EA02BFF6CB0008D69FC /* View */ = {
			isa = PBXGroup;
			children = (
			);
			path = View;
			sourceTree = "<group>";
		};
		0A978EA12BFF6CBB008D69FC /* ViewModel */ = {
			isa = PBXGroup;
			children = (
			);
			path = ViewModel;
			sourceTree = "<group>";
		};
		0A978EA22BFF6CC1008D69FC /* Model */ = {
			isa = PBXGroup;
			children = (
			);
			path = Model;
			sourceTree = "<group>";
		};
		0A978EA32BFF6CC6008D69FC /* Utils */ = {
			isa = PBXGroup;
			children = (
				0A978EA52BFF6CF4008D69FC /* TopView.swift */,
				0A978EA72BFF7D93008D69FC /* LeftText.swift */,
			);
			path = Utils;
			sourceTree = "<group>";
		};
		0A978EA42BFF6CCC008D69FC /* Global */ = {
			isa = PBXGroup;
			children = (
				0A978EA92BFF7E0F008D69FC /* Text */,
				0A978EA32BFF6CC6008D69FC /* Utils */,
			);
			path = Global;
			sourceTree = "<group>";
		};
		0A978EA92BFF7E0F008D69FC /* Text */ = {
			isa = PBXGroup;
			children = (
				0A978EAA2BFF7E2D008D69FC /* LocalizedText.swift */,
			);
			path = Text;
			sourceTree = "<group>";
		};
/* End PBXGroup section */

/* Begin PBXNativeTarget section */
		0A978E8E2BFF6879008D69FC /* DietLog-MVVM-SwiftUI */ = {
			isa = PBXNativeTarget;
			buildConfigurationList = 0A978E9D2BFF687B008D69FC /* Build configuration list for PBXNativeTarget "DietLog-MVVM-SwiftUI" */;
			buildPhases = (
				0A978E8B2BFF6879008D69FC /* Sources */,
				0A978E8C2BFF6879008D69FC /* Frameworks */,
				0A978E8D2BFF6879008D69FC /* Resources */,
			);
			buildRules = (
			);
			dependencies = (
			);
			name = "DietLog-MVVM-SwiftUI";
			productName = "DietLog-MVVM-SwiftUI";
			productReference = 0A978E8F2BFF6879008D69FC /* DietLog-MVVM-SwiftUI.app */;
			productType = "com.apple.product-type.application";
		};
/* End PBXNativeTarget section */

/* Begin PBXProject section */
		0A978E872BFF6879008D69FC /* Project object */ = {
			isa = PBXProject;
			attributes = {
				BuildIndependentTargetsInParallel = 1;
				LastSwiftUpdateCheck = 1540;
				LastUpgradeCheck = 1540;
				TargetAttributes = {
					0A978E8E2BFF6879008D69FC = {
						CreatedOnToolsVersion = 15.4;
					};
				};
			};
			buildConfigurationList = 0A978E8A2BFF6879008D69FC /* Build configuration list for PBXProject "DietLog-MVVM-SwiftUI" */;
			compatibilityVersion = "Xcode 14.0";
			developmentRegion = en;
			hasScannedForEncodings = 0;
			knownRegions = (
				en,
				Base,
			);
			mainGroup = 0A978E862BFF6879008D69FC;
			productRefGroup = 0A978E902BFF6879008D69FC /* Products */;
			projectDirPath = "";
			projectRoot = "";
			targets = (
				0A978E8E2BFF6879008D69FC /* DietLog-MVVM-SwiftUI */,
			);
		};
/* End PBXProject section */

/* Begin PBXResourcesBuildPhase section */
		0A978E8D2BFF6879008D69FC /* Resources */ = {
			isa = PBXResourcesBuildPhase;
			buildActionMask = 2147483647;
			files = (
				0A978E9A2BFF687B008D69FC /* Preview Assets.xcassets in Resources */,
				0A978E972BFF687B008D69FC /* Assets.xcassets in Resources */,
			);
			runOnlyForDeploymentPostprocessing = 0;
		};
/* End PBXResourcesBuildPhase section */

/* Begin PBXSourcesBuildPhase section */
		0A978E8B2BFF6879008D69FC /* Sources */ = {
			isa = PBXSourcesBuildPhase;
			buildActionMask = 2147483647;
			files = (
				0A978EAB2BFF7E2D008D69FC /* LocalizedText.swift in Sources */,
				0A978E952BFF6879008D69FC /* ContentView.swift in Sources */,
				0A978EA82BFF7D93008D69FC /* LeftText.swift in Sources */,
				0A978EA62BFF6CF4008D69FC /* TopView.swift in Sources */,
				0A978E932BFF6879008D69FC /* DietLog_MVVM_SwiftUIApp.swift in Sources */,
			);
			runOnlyForDeploymentPostprocessing = 0;
		};
/* End PBXSourcesBuildPhase section */

/* Begin XCBuildConfiguration section */
		0A978E9B2BFF687B008D69FC /* Debug */ = {
			isa = XCBuildConfiguration;
			buildSettings = {
				ALWAYS_SEARCH_USER_PATHS = NO;
				ASSETCATALOG_COMPILER_GENERATE_SWIFT_ASSET_SYMBOL_EXTENSIONS = YES;
				CLANG_ANALYZER_NONNULL = YES;
				CLANG_ANALYZER_NUMBER_OBJECT_CONVERSION = YES_AGGRESSIVE;
				CLANG_CXX_LANGUAGE_STANDARD = "gnu++20";
				CLANG_ENABLE_MODULES = YES;
				CLANG_ENABLE_OBJC_ARC = YES;
				CLANG_ENABLE_OBJC_WEAK = YES;
				CLANG_WARN_BLOCK_CAPTURE_AUTORELEASING = YES;
				CLANG_WARN_BOOL_CONVERSION = YES;
				CLANG_WARN_COMMA = YES;
				CLANG_WARN_CONSTANT_CONVERSION = YES;
				CLANG_WARN_DEPRECATED_OBJC_IMPLEMENTATIONS = YES;
				CLANG_WARN_DIRECT_OBJC_ISA_USAGE = YES_ERROR;
				CLANG_WARN_DOCUMENTATION_COMMENTS = YES;
				CLANG_WARN_EMPTY_BODY = YES;
				CLANG_WARN_ENUM_CONVERSION = YES;
				CLANG_WARN_INFINITE_RECURSION = YES;
				CLANG_WARN_INT_CONVERSION = YES;
				CLANG_WARN_NON_LITERAL_NULL_CONVERSION = YES;
				CLANG_WARN_OBJC_IMPLICIT_RETAIN_SELF = YES;
				CLANG_WARN_OBJC_LITERAL_CONVERSION = YES;
				CLANG_WARN_OBJC_ROOT_CLASS = YES_ERROR;
				CLANG_WARN_QUOTED_INCLUDE_IN_FRAMEWORK_HEADER = YES;
				CLANG_WARN_RANGE_LOOP_ANALYSIS = YES;
				CLANG_WARN_STRICT_PROTOTYPES = YES;
				CLANG_WARN_SUSPICIOUS_MOVE = YES;
				CLANG_WARN_UNGUARDED_AVAILABILITY = YES_AGGRESSIVE;
				CLANG_WARN_UNREACHABLE_CODE = YES;
				CLANG_WARN__DUPLICATE_METHOD_MATCH = YES;
				COPY_PHASE_STRIP = NO;
				DEBUG_INFORMATION_FORMAT = dwarf;
				ENABLE_STRICT_OBJC_MSGSEND = YES;
				ENABLE_TESTABILITY = YES;
				ENABLE_USER_SCRIPT_SANDBOXING = YES;
				GCC_C_LANGUAGE_STANDARD = gnu17;
				GCC_DYNAMIC_NO_PIC = NO;
				GCC_NO_COMMON_BLOCKS = YES;
				GCC_OPTIMIZATION_LEVEL = 0;
				GCC_PREPROCESSOR_DEFINITIONS = (
					"DEBUG=1",
					"$(inherited)",
				);
				GCC_WARN_64_TO_32_BIT_CONVERSION = YES;
				GCC_WARN_ABOUT_RETURN_TYPE = YES_ERROR;
				GCC_WARN_UNDECLARED_SELECTOR = YES;
				GCC_WARN_UNINITIALIZED_AUTOS = YES_AGGRESSIVE;
				GCC_WARN_UNUSED_FUNCTION = YES;
				GCC_WARN_UNUSED_VARIABLE = YES;
				IPHONEOS_DEPLOYMENT_TARGET = 17.5;
				LOCALIZATION_PREFERS_STRING_CATALOGS = YES;
				MTL_ENABLE_DEBUG_INFO = INCLUDE_SOURCE;
				MTL_FAST_MATH = YES;
				ONLY_ACTIVE_ARCH = YES;
				SDKROOT = iphoneos;
				SWIFT_ACTIVE_COMPILATION_CONDITIONS = "DEBUG $(inherited)";
				SWIFT_OPTIMIZATION_LEVEL = "-Onone";
			};
			name = Debug;
		};
		0A978E9C2BFF687B008D69FC /* Release */ = {
			isa = XCBuildConfiguration;
			buildSettings = {
				ALWAYS_SEARCH_USER_PATHS = NO;
				ASSETCATALOG_COMPILER_GENERATE_SWIFT_ASSET_SYMBOL_EXTENSIONS = YES;
				CLANG_ANALYZER_NONNULL = YES;
				CLANG_ANALYZER_NUMBER_OBJECT_CONVERSION = YES_AGGRESSIVE;
				CLANG_CXX_LANGUAGE_STANDARD = "gnu++20";
				CLANG_ENABLE_MODULES = YES;
				CLANG_ENABLE_OBJC_ARC = YES;
				CLANG_ENABLE_OBJC_WEAK = YES;
				CLANG_WARN_BLOCK_CAPTURE_AUTORELEASING = YES;
				CLANG_WARN_BOOL_CONVERSION = YES;
				CLANG_WARN_COMMA = YES;
				CLANG_WARN_CONSTANT_CONVERSION = YES;
				CLANG_WARN_DEPRECATED_OBJC_IMPLEMENTATIONS = YES;
				CLANG_WARN_DIRECT_OBJC_ISA_USAGE = YES_ERROR;
				CLANG_WARN_DOCUMENTATION_COMMENTS = YES;
				CLANG_WARN_EMPTY_BODY = YES;
				CLANG_WARN_ENUM_CONVERSION = YES;
				CLANG_WARN_INFINITE_RECURSION = YES;
				CLANG_WARN_INT_CONVERSION = YES;
				CLANG_WARN_NON_LITERAL_NULL_CONVERSION = YES;
				CLANG_WARN_OBJC_IMPLICIT_RETAIN_SELF = YES;
				CLANG_WARN_OBJC_LITERAL_CONVERSION = YES;
				CLANG_WARN_OBJC_ROOT_CLASS = YES_ERROR;
				CLANG_WARN_QUOTED_INCLUDE_IN_FRAMEWORK_HEADER = YES;
				CLANG_WARN_RANGE_LOOP_ANALYSIS = YES;
				CLANG_WARN_STRICT_PROTOTYPES = YES;
				CLANG_WARN_SUSPICIOUS_MOVE = YES;
				CLANG_WARN_UNGUARDED_AVAILABILITY = YES_AGGRESSIVE;
				CLANG_WARN_UNREACHABLE_CODE = YES;
				CLANG_WARN__DUPLICATE_METHOD_MATCH = YES;
				COPY_PHASE_STRIP = NO;
				DEBUG_INFORMATION_FORMAT = "dwarf-with-dsym";
				ENABLE_NS_ASSERTIONS = NO;
				ENABLE_STRICT_OBJC_MSGSEND = YES;
				ENABLE_USER_SCRIPT_SANDBOXING = YES;
				GCC_C_LANGUAGE_STANDARD = gnu17;
				GCC_NO_COMMON_BLOCKS = YES;
				GCC_WARN_64_TO_32_BIT_CONVERSION = YES;
				GCC_WARN_ABOUT_RETURN_TYPE = YES_ERROR;
				GCC_WARN_UNDECLARED_SELECTOR = YES;
				GCC_WARN_UNINITIALIZED_AUTOS = YES_AGGRESSIVE;
				GCC_WARN_UNUSED_FUNCTION = YES;
				GCC_WARN_UNUSED_VARIABLE = YES;
				IPHONEOS_DEPLOYMENT_TARGET = 17.5;
				LOCALIZATION_PREFERS_STRING_CATALOGS = YES;
				MTL_ENABLE_DEBUG_INFO = NO;
				MTL_FAST_MATH = YES;
				SDKROOT = iphoneos;
				SWIFT_COMPILATION_MODE = wholemodule;
				VALIDATE_PRODUCT = YES;
			};
			name = Release;
		};
		0A978E9E2BFF687B008D69FC /* Debug */ = {
			isa = XCBuildConfiguration;
			buildSettings = {
				ASSETCATALOG_COMPILER_APPICON_NAME = AppIcon;
				ASSETCATALOG_COMPILER_GLOBAL_ACCENT_COLOR_NAME = AccentColor;
				CODE_SIGN_STYLE = Automatic;
				CURRENT_PROJECT_VERSION = 1;
				DEVELOPMENT_ASSET_PATHS = "\"DietLog-MVVM-SwiftUI/Preview Content\"";
				ENABLE_PREVIEWS = YES;
				GENERATE_INFOPLIST_FILE = YES;
				INFOPLIST_KEY_UIApplicationSceneManifest_Generation = YES;
				INFOPLIST_KEY_UIApplicationSupportsIndirectInputEvents = YES;
				INFOPLIST_KEY_UILaunchScreen_Generation = YES;
				INFOPLIST_KEY_UISupportedInterfaceOrientations_iPad = "UIInterfaceOrientationPortrait UIInterfaceOrientationPortraitUpsideDown UIInterfaceOrientationLandscapeLeft UIInterfaceOrientationLandscapeRight";
				INFOPLIST_KEY_UISupportedInterfaceOrientations_iPhone = "UIInterfaceOrientationPortrait UIInterfaceOrientationLandscapeLeft UIInterfaceOrientationLandscapeRight";
				LD_RUNPATH_SEARCH_PATHS = (
					"$(inherited)",
					"@executable_path/Frameworks",
				);
				MARKETING_VERSION = 1.0;
				PRODUCT_BUNDLE_IDENTIFIER = "com.studyiOS.DietLog-MVVM-SwiftUI";
				PRODUCT_NAME = "$(TARGET_NAME)";
				SWIFT_EMIT_LOC_STRINGS = YES;
				SWIFT_VERSION = 5.0;
				TARGETED_DEVICE_FAMILY = "1,2";
			};
			name = Debug;
		};
		0A978E9F2BFF687B008D69FC /* Release */ = {
			isa = XCBuildConfiguration;
			buildSettings = {
				ASSETCATALOG_COMPILER_APPICON_NAME = AppIcon;
				ASSETCATALOG_COMPILER_GLOBAL_ACCENT_COLOR_NAME = AccentColor;
				CODE_SIGN_STYLE = Automatic;
				CURRENT_PROJECT_VERSION = 1;
				DEVELOPMENT_ASSET_PATHS = "\"DietLog-MVVM-SwiftUI/Preview Content\"";
				ENABLE_PREVIEWS = YES;
				GENERATE_INFOPLIST_FILE = YES;
				INFOPLIST_KEY_UIApplicationSceneManifest_Generation = YES;
				INFOPLIST_KEY_UIApplicationSupportsIndirectInputEvents = YES;
				INFOPLIST_KEY_UILaunchScreen_Generation = YES;
				INFOPLIST_KEY_UISupportedInterfaceOrientations_iPad = "UIInterfaceOrientationPortrait UIInterfaceOrientationPortraitUpsideDown UIInterfaceOrientationLandscapeLeft UIInterfaceOrientationLandscapeRight";
				INFOPLIST_KEY_UISupportedInterfaceOrientations_iPhone = "UIInterfaceOrientationPortrait UIInterfaceOrientationLandscapeLeft UIInterfaceOrientationLandscapeRight";
				LD_RUNPATH_SEARCH_PATHS = (
					"$(inherited)",
					"@executable_path/Frameworks",
				);
				MARKETING_VERSION = 1.0;
				PRODUCT_BUNDLE_IDENTIFIER = "com.studyiOS.DietLog-MVVM-SwiftUI";
				PRODUCT_NAME = "$(TARGET_NAME)";
				SWIFT_EMIT_LOC_STRINGS = YES;
				SWIFT_VERSION = 5.0;
				TARGETED_DEVICE_FAMILY = "1,2";
			};
			name = Release;
		};
/* End XCBuildConfiguration section */

/* Begin XCConfigurationList section */
		0A978E8A2BFF6879008D69FC /* Build configuration list for PBXProject "DietLog-MVVM-SwiftUI" */ = {
			isa = XCConfigurationList;
			buildConfigurations = (
				0A978E9B2BFF687B008D69FC /* Debug */,
				0A978E9C2BFF687B008D69FC /* Release */,
			);
			defaultConfigurationIsVisible = 0;
			defaultConfigurationName = Release;
		};
		0A978E9D2BFF687B008D69FC /* Build configuration list for PBXNativeTarget "DietLog-MVVM-SwiftUI" */ = {
			isa = XCConfigurationList;
			buildConfigurations = (
				0A978E9E2BFF687B008D69FC /* Debug */,
				0A978E9F2BFF687B008D69FC /* Release */,
			);
			defaultConfigurationIsVisible = 0;
			defaultConfigurationName = Release;
		};
/* End XCConfigurationList section */
	};
	rootObject = 0A978E872BFF6879008D69FC /* Project object */;
}
